// !$*UTF8*$!
{
	archiveVersion = 1;
	classes = {
	};
	objectVersion = 77;
	objects = {

/* Begin PBXBuildFile section */
		DD88BC532FA8562800BFFBBF /* Assets.xcassets in Resources */ = {isa = PBXBuildFile; fileRef = DD88BC422FA8562800BFFBBF /* Assets.xcassets */; };
		DD88BC542FA8562800BFFBBF /* CaptureSetupViewModel.swift in Sources */ = {isa = PBXBuildFile; fileRef = DD88BC432FA8562800BFFBBF /* CaptureSetupViewModel.swift */; };
		DD88BC552FA8562800BFFBBF /* ContentView.swift in Sources */ = {isa = PBXBuildFile; fileRef = DD88BC442FA8562800BFFBBF /* ContentView.swift */; };
		DD88BC562FA8562800BFFBBF /* EffectsEditorViews.swift in Sources */ = {isa = PBXBuildFile; fileRef = DD88BC452FA8562800BFFBBF /* EffectsEditorViews.swift */; };
		DD88BC572FA8562800BFFBBF /* InputEventCaptureService.swift in Sources */ = {isa = PBXBuildFile; fileRef = DD88BC462FA8562800BFFBBF /* InputEventCaptureService.swift */; };
		DD88BC582FA8562800BFFBBF /* MarkerPreviewCacheService.swift in Sources */ = {isa = PBXBuildFile; fileRef = DD88BC472FA8562800BFFBBF /* MarkerPreviewCacheService.swift */; };
		DD88BC592FA8562800BFFBBF /* MarkerPreviewRenderService.swift in Sources */ = {isa = PBXBuildFile; fileRef = DD88BC482FA8562800BFFBBF /* MarkerPreviewRenderService.swift */; };
		DD88BC5A2FA8562800BFFBBF /* MediaWriterService.swift in Sources */ = {isa = PBXBuildFile; fileRef = DD88BC492FA8562800BFFBBF /* MediaWriterService.swift */; };
		DD88BC5B2FA8562800BFFBBF /* Models.swift in Sources */ = {isa = PBXBuildFile; fileRef = DD88BC4A2FA8562800BFFBBF /* Models.swift */; };
		DD88BC5C2FA8562800BFFBBF /* PermissionsService.swift in Sources */ = {isa = PBXBuildFile; fileRef = DD88BC4B2FA8562800BFFBBF /* PermissionsService.swift */; };
		DD88BC5D2FA8562800BFFBBF /* ProjectBundleService.swift in Sources */ = {isa = PBXBuildFile; fileRef = DD88BC4C2FA8562800BFFBBF /* ProjectBundleService.swift */; };
		DD88BC5E2FA8562800BFFBBF /* RecordingCoordinator.swift in Sources */ = {isa = PBXBuildFile; fileRef = DD88BC4D2FA8562800BFFBBF /* RecordingCoordinator.swift */; };
		DD88BC5F2FA8562800BFFBBF /* ReviewEditorControls.swift in Sources */ = {isa = PBXBuildFile; fileRef = DD88BC4E2FA8562800BFFBBF /* ReviewEditorControls.swift */; };
		DD88BC602FA8562800BFFBBF /* ReviewInspectorViews.swift in Sources */ = {isa = PBXBuildFile; fileRef = DD88BC4F2FA8562800BFFBBF /* ReviewInspectorViews.swift */; };
		DD88BC612FA8562800BFFBBF /* ScreenCaptureService.swift in Sources */ = {isa = PBXBuildFile; fileRef = DD88BC502FA8562800BFFBBF /* ScreenCaptureService.swift */; };
		DD88BC622FA8562800BFFBBF /* TimelineToolbarControls.swift in Sources */ = {isa = PBXBuildFile; fileRef = DD88BC512FA8562800BFFBBF /* TimelineToolbarControls.swift */; };
		DD88BC632FA8562800BFFBBF /* TutorialCaptureApp.swift in Sources */ = {isa = PBXBuildFile; fileRef = DD88BC522FA8562800BFFBBF /* TutorialCaptureApp.swift */; };
		DD88BC652FAA78E400BFFBBF /* ZoomAndClicksEditorViews.swift in Sources */ = {isa = PBXBuildFile; fileRef = DD88BC642FAA78E400BFFBBF /* ZoomAndClicksEditorViews.swift */; };
		DD88BC672FAA924100BFFBBF /* ReviewPlaybackPreviewViews.swift in Sources */ = {isa = PBXBuildFile; fileRef = DD88BC662FAA924100BFFBBF /* ReviewPlaybackPreviewViews.swift */; };
		DD88BC692FAA9C8600BFFBBF /* ReviewTimelineViews.swift in Sources */ = {isa = PBXBuildFile; fileRef = DD88BC682FAA9C8600BFFBBF /* ReviewTimelineViews.swift */; };
		DD88BC6B2FAA9FA000BFFBBF /* ReviewMarkerInspectorViews.swift in Sources */ = {isa = PBXBuildFile; fileRef = DD88BC6A2FAA9FA000BFFBBF /* ReviewMarkerInspectorViews.swift */; };
		DD88BC6D2FAAA39800BFFBBF /* CaptureInfoInspectorViews.swift in Sources */ = {isa = PBXBuildFile; fileRef = DD88BC6C2FAAA39700BFFBBF /* CaptureInfoInspectorViews.swift */; };
		DD88BC6F2FAAA92500BFFBBF /* ReviewTimelineInteractionViews.swift in Sources */ = {isa = PBXBuildFile; fileRef = DD88BC6E2FAAA92500BFFBBF /* ReviewTimelineInteractionViews.swift */; };
		DD88BC712FAAACE400BFFBBF /* LibraryViews.swift in Sources */ = {isa = PBXBuildFile; fileRef = DD88BC702FAAACE400BFFBBF /* LibraryViews.swift */; };
		DD88BC732FAAAFF900BFFBBF /* CaptureSetupViews.swift in Sources */ = {isa = PBXBuildFile; fileRef = DD88BC722FAAAFF900BFFBBF /* CaptureSetupViews.swift */; };
		DD88BC752FAAFD1F00BFFBBF /* SettingsViews.swift in Sources */ = {isa = PBXBuildFile; fileRef = DD88BC742FAAFD1F00BFFBBF /* SettingsViews.swift */; };
		DD88BC782FAB026400BFFBBF /* MarkerListTableViews.swift in Sources */ = {isa = PBXBuildFile; fileRef = DD88BC762FAB026400BFFBBF /* MarkerListTableViews.swift */; };
		DD88BC792FAB026400BFFBBF /* ReviewSupportViews.swift in Sources */ = {isa = PBXBuildFile; fileRef = DD88BC772FAB026400BFFBBF /* ReviewSupportViews.swift */; };
		DD88BC7B2FAB0BEC00BFFBBF /* ReviewPlaybackMainViews.swift in Sources */ = {isa = PBXBuildFile; fileRef = DD88BC7A2FAB0BEC00BFFBBF /* ReviewPlaybackMainViews.swift */; };
		DD88BC7D2FAB916100BFFBBF /* LibraryManager.swift in Sources */ = {isa = PBXBuildFile; fileRef = DD88BC7C2FAB916100BFFBBF /* LibraryManager.swift */; };
		DD88BC7F2FAB995C00BFFBBF /* ExportManager.swift in Sources */ = {isa = PBXBuildFile; fileRef = DD88BC7E2FAB995C00BFFBBF /* ExportManager.swift */; };
		DD88BC812FABA0A500BFFBBF /* CaptureTargetManager.swift in Sources */ = {isa = PBXBuildFile; fileRef = DD88BC802FABA0A500BFFBBF /* CaptureTargetManager.swift */; };
		DD88BC832FABA9AC00BFFBBF /* CaptureMetadataManager.swift in Sources */ = {isa = PBXBuildFile; fileRef = DD88BC822FABA9AC00BFFBBF /* CaptureMetadataManager.swift */; };
		DD88BC912FABCCC800BFFBBF /* TimecodeFormatting.swift in Sources */ = {isa = PBXBuildFile; fileRef = DD88BC902FABCCC800BFFBBF /* TimecodeFormatting.swift */; };
		DD88BC932FABD3E600BFFBBF /* ExportProgressSheetViews.swift in Sources */ = {isa = PBXBuildFile; fileRef = DD88BC922FABD3E600BFFBBF /* ExportProgressSheetViews.swift */; };
		DD88BC952FABD8A800BFFBBF /* PlaybackTransportManager.swift in Sources */ = {isa = PBXBuildFile; fileRef = DD88BC942FABD8A800BFFBBF /* PlaybackTransportManager.swift */; };
		DD88BC972FABDFD800BFFBBF /* TimelineScrubManager.swift in Sources */ = {isa = PBXBuildFile; fileRef = DD88BC962FABDFD800BFFBBF /* TimelineScrubManager.swift */; };
		DD88BC992FABE1D000BFFBBF /* TimelineMarkerMoveManager.swift in Sources */ = {isa = PBXBuildFile; fileRef = DD88BC982FABE1D000BFFBBF /* TimelineMarkerMoveManager.swift */; };
/* End PBXBuildFile section */

/* Begin PBXFileReference section */
		DD88BC422FA8562800BFFBBF /* Assets.xcassets */ = {isa = PBXFileReference; lastKnownFileType = folder.assetcatalog; path = Assets.xcassets; sourceTree = "<group>"; };
		DD88BC432FA8562800BFFBBF /* CaptureSetupViewModel.swift */ = {isa = PBXFileReference; lastKnownFileType = sourcecode.swift; path = CaptureSetupViewModel.swift; sourceTree = "<group>"; };
		DD88BC442FA8562800BFFBBF /* ContentView.swift */ = {isa = PBXFileReference; lastKnownFileType = sourcecode.swift; path = ContentView.swift; sourceTree = "<group>"; };
		DD88BC452FA8562800BFFBBF /* EffectsEditorViews.swift */ = {isa = PBXFileReference; lastKnownFileType = sourcecode.swift; path = EffectsEditorViews.swift; sourceTree = "<group>"; };
		DD88BC462FA8562800BFFBBF /* InputEventCaptureService.swift */ = {isa = PBXFileReference; lastKnownFileType = sourcecode.swift; path = InputEventCaptureService.swift; sourceTree = "<group>"; };
		DD88BC472FA8562800BFFBBF /* MarkerPreviewCacheService.swift */ = {isa = PBXFileReference; lastKnownFileType = sourcecode.swift; path = MarkerPreviewCacheService.swift; sourceTree = "<group>"; };
		DD88BC482FA8562800BFFBBF /* MarkerPreviewRenderService.swift */ = {isa = PBXFileReference; lastKnownFileType = sourcecode.swift; path = MarkerPreviewRenderService.swift; sourceTree = "<group>"; };
		DD88BC492FA8562800BFFBBF /* MediaWriterService.swift */ = {isa = PBXFileReference; lastKnownFileType = sourcecode.swift; path = MediaWriterService.swift; sourceTree = "<group>"; };
		DD88BC4A2FA8562800BFFBBF /* Models.swift */ = {isa = PBXFileReference; lastKnownFileType = sourcecode.swift; path = Models.swift; sourceTree = "<group>"; };
		DD88BC4B2FA8562800BFFBBF /* PermissionsService.swift */ = {isa = PBXFileReference; lastKnownFileType = sourcecode.swift; path = PermissionsService.swift; sourceTree = "<group>"; };
		DD88BC4C2FA8562800BFFBBF /* ProjectBundleService.swift */ = {isa = PBXFileReference; lastKnownFileType = sourcecode.swift; path = ProjectBundleService.swift; sourceTree = "<group>"; };
		DD88BC4D2FA8562800BFFBBF /* RecordingCoordinator.swift */ = {isa = PBXFileReference; lastKnownFileType = sourcecode.swift; path = RecordingCoordinator.swift; sourceTree = "<group>"; };
		DD88BC4E2FA8562800BFFBBF /* ReviewEditorControls.swift */ = {isa = PBXFileReference; lastKnownFileType = sourcecode.swift; path = ReviewEditorControls.swift; sourceTree = "<group>"; };
		DD88BC4F2FA8562800BFFBBF /* ReviewInspectorViews.swift */ = {isa = PBXFileReference; lastKnownFileType = sourcecode.swift; path = ReviewInspectorViews.swift; sourceTree = "<group>"; };
		DD88BC502FA8562800BFFBBF /* ScreenCaptureService.swift */ = {isa = PBXFileReference; lastKnownFileType = sourcecode.swift; path = ScreenCaptureService.swift; sourceTree = "<group>"; };
		DD88BC512FA8562800BFFBBF /* TimelineToolbarControls.swift */ = {isa = PBXFileReference; lastKnownFileType = sourcecode.swift; path = TimelineToolbarControls.swift; sourceTree = "<group>"; };
		DD88BC522FA8562800BFFBBF /* TutorialCaptureApp.swift */ = {isa = PBXFileReference; lastKnownFileType = sourcecode.swift; path = TutorialCaptureApp.swift; sourceTree = "<group>"; };
		DD88BC642FAA78E400BFFBBF /* ZoomAndClicksEditorViews.swift */ = {isa = PBXFileReference; lastKnownFileType = sourcecode.swift; path = ZoomAndClicksEditorViews.swift; sourceTree = "<group>"; };
		DD88BC662FAA924100BFFBBF /* ReviewPlaybackPreviewViews.swift */ = {isa = PBXFileReference; lastKnownFileType = sourcecode.swift; path = ReviewPlaybackPreviewViews.swift; sourceTree = "<group>"; };
		DD88BC682FAA9C8600BFFBBF /* ReviewTimelineViews.swift */ = {isa = PBXFileReference; lastKnownFileType = sourcecode.swift; path = ReviewTimelineViews.swift; sourceTree = "<group>"; };
		DD88BC6A2FAA9FA000BFFBBF /* ReviewMarkerInspectorViews.swift */ = {isa = PBXFileReference; lastKnownFileType = sourcecode.swift; path = ReviewMarkerInspectorViews.swift; sourceTree = "<group>"; };
		DD88BC6C2FAAA39700BFFBBF /* CaptureInfoInspectorViews.swift */ = {isa = PBXFileReference; lastKnownFileType = sourcecode.swift; path = CaptureInfoInspectorViews.swift; sourceTree = "<group>"; };
		DD88BC6E2FAAA92500BFFBBF /* ReviewTimelineInteractionViews.swift */ = {isa = PBXFileReference; lastKnownFileType = sourcecode.swift; path = ReviewTimelineInteractionViews.swift; sourceTree = "<group>"; };
		DD88BC702FAAACE400BFFBBF /* LibraryViews.swift */ = {isa = PBXFileReference; lastKnownFileType = sourcecode.swift; path = LibraryViews.swift; sourceTree = "<group>"; };
		DD88BC722FAAAFF900BFFBBF /* CaptureSetupViews.swift */ = {isa = PBXFileReference; lastKnownFileType = sourcecode.swift; path = CaptureSetupViews.swift; sourceTree = "<group>"; };
		DD88BC742FAAFD1F00BFFBBF /* SettingsViews.swift */ = {isa = PBXFileReference; lastKnownFileType = sourcecode.swift; path = SettingsViews.swift; sourceTree = "<group>"; };
		DD88BC762FAB026400BFFBBF /* MarkerListTableViews.swift */ = {isa = PBXFileReference; lastKnownFileType = sourcecode.swift; path = MarkerListTableViews.swift; sourceTree = "<group>"; };
		DD88BC772FAB026400BFFBBF /* ReviewSupportViews.swift */ = {isa = PBXFileReference; lastKnownFileType = sourcecode.swift; path = ReviewSupportViews.swift; sourceTree = "<group>"; };
		DD88BC7A2FAB0BEC00BFFBBF /* ReviewPlaybackMainViews.swift */ = {isa = PBXFileReference; lastKnownFileType = sourcecode.swift; path = ReviewPlaybackMainViews.swift; sourceTree = "<group>"; };
		DD88BC7C2FAB916100BFFBBF /* LibraryManager.swift */ = {isa = PBXFileReference; lastKnownFileType = sourcecode.swift; path = LibraryManager.swift; sourceTree = "<group>"; };
		DD88BC7E2FAB995C00BFFBBF /* ExportManager.swift */ = {isa = PBXFileReference; lastKnownFileType = sourcecode.swift; path = ExportManager.swift; sourceTree = "<group>"; };
		DD88BC802FABA0A500BFFBBF /* CaptureTargetManager.swift */ = {isa = PBXFileReference; lastKnownFileType = sourcecode.swift; path = CaptureTargetManager.swift; sourceTree = "<group>"; };
		DD88BC822FABA9AC00BFFBBF /* CaptureMetadataManager.swift */ = {isa = PBXFileReference; lastKnownFileType = sourcecode.swift; path = CaptureMetadataManager.swift; sourceTree = "<group>"; };
		DD88BC902FABCCC800BFFBBF /* TimecodeFormatting.swift */ = {isa = PBXFileReference; lastKnownFileType = sourcecode.swift; path = TimecodeFormatting.swift; sourceTree = "<group>"; };
		DD88BC922FABD3E600BFFBBF /* ExportProgressSheetViews.swift */ = {isa = PBXFileReference; lastKnownFileType = sourcecode.swift; path = ExportProgressSheetViews.swift; sourceTree = "<group>"; };
		DD88BC942FABD8A800BFFBBF /* PlaybackTransportManager.swift */ = {isa = PBXFileReference; lastKnownFileType = sourcecode.swift; path = PlaybackTransportManager.swift; sourceTree = "<group>"; };
		DD88BC962FABDFD800BFFBBF /* TimelineScrubManager.swift */ = {isa = PBXFileReference; lastKnownFileType = sourcecode.swift; path = TimelineScrubManager.swift; sourceTree = "<group>"; };
		DD88BC982FABE1D000BFFBBF /* TimelineMarkerMoveManager.swift */ = {isa = PBXFileReference; lastKnownFileType = sourcecode.swift; path = TimelineMarkerMoveManager.swift; sourceTree = "<group>"; };
		DD9203042F9D6A80003C3C1A /* FlowTrack Capture.app */ = {isa = PBXFileReference; explicitFileType = wrapper.application; includeInIndex = 0; path = "FlowTrack Capture.app"; sourceTree = BUILT_PRODUCTS_DIR; };
/* End PBXFileReference section */

/* Begin PBXFileSystemSynchronizedRootGroup section */
		DD9203062F9D6A80003C3C1A /* Zoom and Track */ = {
			isa = PBXFileSystemSynchronizedRootGroup;
			path = "Zoom and Track";
			sourceTree = "<group>";
		};
/* End PBXFileSystemSynchronizedRootGroup section */

/* Begin PBXFrameworksBuildPhase section */
		DD9203012F9D6A80003C3C1A /* Frameworks */ = {
			isa = PBXFrameworksBuildPhase;
			buildActionMask = 2147483647;
			files = (
			);
			runOnlyForDeploymentPostprocessing = 0;
		};
/* End PBXFrameworksBuildPhase section */

/* Begin PBXGroup section */
		DD88BC842FABC45A00BFFBBF /* App */ = {
			isa = PBXGroup;
			children = (
				DD88BC522FA8562800BFFBBF /* TutorialCaptureApp.swift */,
				DD88BC442FA8562800BFFBBF /* ContentView.swift */,
			);
			path = App;
			sourceTree = "<group>";
		};
		DD88BC852FABC45B00BFFBBF /* Models */ = {
			isa = PBXGroup;
			children = (
				DD88BC4A2FA8562800BFFBBF /* Models.swift */,
			);
			path = Models;
			sourceTree = "<group>";
		};
		DD88BC862FABC45B00BFFBBF /* ViewModels */ = {
			isa = PBXGroup;
			children = (
				DD88BC432FA8562800BFFBBF /* CaptureSetupViewModel.swift */,
			);
			path = ViewModels;
			sourceTree = "<group>";
		};
		DD88BC872FABC45B00BFFBBF /* Managers */ = {
			isa = PBXGroup;
			children = (
				DD88BC822FABA9AC00BFFBBF /* CaptureMetadataManager.swift */,
				DD88BC802FABA0A500BFFBBF /* CaptureTargetManager.swift */,
				DD88BC7C2FAB916100BFFBBF /* LibraryManager.swift */,
				DD88BC7E2FAB995C00BFFBBF /* ExportManager.swift */,
				DD88BC942FABD8A800BFFBBF /* PlaybackTransportManager.swift */,
				DD88BC962FABDFD800BFFBBF /* TimelineScrubManager.swift */,
				DD88BC982FABE1D000BFFBBF /* TimelineMarkerMoveManager.swift */,
			);
			path = Managers;
			sourceTree = "<group>";
		};
		DD88BC882FABC45B00BFFBBF /* Services */ = {
			isa = PBXGroup;
			children = (
				DD88BC462FA8562800BFFBBF /* InputEventCaptureService.swift */,
				DD88BC482FA8562800BFFBBF /* MarkerPreviewRenderService.swift */,
				DD88BC472FA8562800BFFBBF /* MarkerPreviewCacheService.swift */,
				DD88BC492FA8562800BFFBBF /* MediaWriterService.swift */,
				DD88BC4B2FA8562800BFFBBF /* PermissionsService.swift */,
				DD88BC4C2FA8562800BFFBBF /* ProjectBundleService.swift */,
				DD88BC502FA8562800BFFBBF /* ScreenCaptureService.swift */,
				DD88BC4D2FA8562800BFFBBF /* RecordingCoordinator.swift */,
			);
			path = Services;
			sourceTree = "<group>";
		};
		DD88BC892FABC45C00BFFBBF /* Resources */ = {
			isa = PBXGroup;
			children = (
				DD88BC422FA8562800BFFBBF /* Assets.xcassets */,
			);
			path = Resources;
			sourceTree = "<group>";
		};
		DD88BC8A2FABC46100BFFBBF /* Views */ = {
			isa = PBXGroup;
			children = (
				DD88BC8B2FABC46200BFFBBF /* Capture */,
				DD88BC8C2FABC46200BFFBBF /* Library */,
				DD88BC8D2FABC46200BFFBBF /* Settings */,
				DD88BC8E2FABC46200BFFBBF /* Review */,
				DD88BC8F2FABCC9300BFFBBF /* Shared */,
			);
			path = Views;
			sourceTree = "<group>";
		};
		DD88BC8B2FABC46200BFFBBF /* Capture */ = {
			isa = PBXGroup;
			children = (
				DD88BC722FAAAFF900BFFBBF /* CaptureSetupViews.swift */,
			);
			path = Capture;
			sourceTree = "<group>";
		};
		DD88BC8C2FABC46200BFFBBF /* Library */ = {
			isa = PBXGroup;
			children = (
				DD88BC702FAAACE400BFFBBF /* LibraryViews.swift */,
			);
			path = Library;
			sourceTree = "<group>";
		};
		DD88BC8D2FABC46200BFFBBF /* Settings */ = {
			isa = PBXGroup;
			children = (
				DD88BC742FAAFD1F00BFFBBF /* SettingsViews.swift */,
			);
			path = Settings;
			sourceTree = "<group>";
		};
		DD88BC8E2FABC46200BFFBBF /* Review */ = {
			isa = PBXGroup;
			children = (
				DD88BC6C2FAAA39700BFFBBF /* CaptureInfoInspectorViews.swift */,
				DD88BC452FA8562800BFFBBF /* EffectsEditorViews.swift */,
				DD88BC762FAB026400BFFBBF /* MarkerListTableViews.swift */,
				DD88BC4E2FA8562800BFFBBF /* ReviewEditorControls.swift */,
				DD88BC4F2FA8562800BFFBBF /* ReviewInspectorViews.swift */,
				DD88BC6A2FAA9FA000BFFBBF /* ReviewMarkerInspectorViews.swift */,
				DD88BC662FAA924100BFFBBF /* ReviewPlaybackPreviewViews.swift */,
				DD88BC7A2FAB0BEC00BFFBBF /* ReviewPlaybackMainViews.swift */,
				DD88BC772FAB026400BFFBBF /* ReviewSupportViews.swift */,
				DD88BC6E2FAAA92500BFFBBF /* ReviewTimelineInteractionViews.swift */,
				DD88BC682FAA9C8600BFFBBF /* ReviewTimelineViews.swift */,
				DD88BC512FA8562800BFFBBF /* TimelineToolbarControls.swift */,
				DD88BC642FAA78E400BFFBBF /* ZoomAndClicksEditorViews.swift */,
			);
			path = Review;
			sourceTree = "<group>";
		};
		DD88BC8F2FABCC9300BFFBBF /* Shared */ = {
			isa = PBXGroup;
			children = (
				DD88BC902FABCCC800BFFBBF /* TimecodeFormatting.swift */,
				DD88BC922FABD3E600BFFBBF /* ExportProgressSheetViews.swift */,
			);
			path = Shared;
			sourceTree = "<group>";
		};
		DD9202FB2F9D6A80003C3C1A = {
			isa = PBXGroup;
			children = (
				DD9203062F9D6A80003C3C1A /* Zoom and Track */,
				DD9203052F9D6A80003C3C1A /* Products */,
				DD88BC842FABC45A00BFFBBF /* App */,
				DD88BC852FABC45B00BFFBBF /* Models */,
				DD88BC862FABC45B00BFFBBF /* ViewModels */,
				DD88BC872FABC45B00BFFBBF /* Managers */,
				DD88BC882FABC45B00BFFBBF /* Services */,
				DD88BC892FABC45C00BFFBBF /* Resources */,
				DD88BC8A2FABC46100BFFBBF /* Views */,
			);
			sourceTree = "<group>";
		};
		DD9203052F9D6A80003C3C1A /* Products */ = {
			isa = PBXGroup;
			children = (
				DD9203042F9D6A80003C3C1A /* FlowTrack Capture.app */,
			);
			name = Products;
			sourceTree = "<group>";
		};
/* End PBXGroup section */

/* Begin PBXNativeTarget section */
		DD9203032F9D6A80003C3C1A /* Zoom and Track */ = {
			isa = PBXNativeTarget;
			buildConfigurationList = DD92030F2F9D6A81003C3C1A /* Build configuration list for PBXNativeTarget "Zoom and Track" */;
			buildPhases = (
				DD9203002F9D6A80003C3C1A /* Sources */,
				DD9203012F9D6A80003C3C1A /* Frameworks */,
				DD9203022F9D6A80003C3C1A /* Resources */,
			);
			buildRules = (
			);
			dependencies = (
			);
			fileSystemSynchronizedGroups = (
				DD9203062F9D6A80003C3C1A /* Zoom and Track */,
			);
			name = "Zoom and Track";
			packageProductDependencies = (
			);
			productName = "Zoom and Track";
			productReference = DD9203042F9D6A80003C3C1A /* FlowTrack Capture.app */;
			productType = "com.apple.product-type.application";
		};
/* End PBXNativeTarget section */

/* Begin PBXProject section */
		DD9202FC2F9D6A80003C3C1A /* Project object */ = {
			isa = PBXProject;
			attributes = {
				BuildIndependentTargetsInParallel = 1;
				LastSwiftUpdateCheck = 2640;
				LastUpgradeCheck = 2640;
				TargetAttributes = {
					DD9203032F9D6A80003C3C1A = {
						CreatedOnToolsVersion = 26.4.1;
					};
				};
			};
			buildConfigurationList = DD9202FF2F9D6A80003C3C1A /* Build configuration list for PBXProject "Zoom and Track" */;
			developmentRegion = en;
			hasScannedForEncodings = 0;
			knownRegions = (
				en,
				Base,
			);
			mainGroup = DD9202FB2F9D6A80003C3C1A;
			minimizedProjectReferenceProxies = 1;
			preferredProjectObjectVersion = 77;
			productRefGroup = DD9203052F9D6A80003C3C1A /* Products */;
			projectDirPath = "";
			projectRoot = "";
			targets = (
				DD9203032F9D6A80003C3C1A /* Zoom and Track */,
			);
		};
/* End PBXProject section */

/* Begin PBXResourcesBuildPhase section */
		DD9203022F9D6A80003C3C1A /* Resources */ = {
			isa = PBXResourcesBuildPhase;
			buildActionMask = 2147483647;
			files = (
				DD88BC532FA8562800BFFBBF /* Assets.xcassets in Resources */,
			);
			runOnlyForDeploymentPostprocessing = 0;
		};
/* End PBXResourcesBuildPhase section */

/* Begin PBXSourcesBuildPhase section */
		DD9203002F9D6A80003C3C1A /* Sources */ = {
			isa = PBXSourcesBuildPhase;
			buildActionMask = 2147483647;
			files = (
				DD88BC542FA8562800BFFBBF /* CaptureSetupViewModel.swift in Sources */,
				DD88BC552FA8562800BFFBBF /* ContentView.swift in Sources */,
				DD88BC652FAA78E400BFFBBF /* ZoomAndClicksEditorViews.swift in Sources */,
				DD88BC6D2FAAA39800BFFBBF /* CaptureInfoInspectorViews.swift in Sources */,
				DD88BC562FA8562800BFFBBF /* EffectsEditorViews.swift in Sources */,
				DD88BC732FAAAFF900BFFBBF /* CaptureSetupViews.swift in Sources */,
				DD88BC992FABE1D000BFFBBF /* TimelineMarkerMoveManager.swift in Sources */,
				DD88BC572FA8562800BFFBBF /* InputEventCaptureService.swift in Sources */,
				DD88BC832FABA9AC00BFFBBF /* CaptureMetadataManager.swift in Sources */,
				DD88BC712FAAACE400BFFBBF /* LibraryViews.swift in Sources */,
				DD88BC912FABCCC800BFFBBF /* TimecodeFormatting.swift in Sources */,
				DD88BC752FAAFD1F00BFFBBF /* SettingsViews.swift in Sources */,
				DD88BC582FA8562800BFFBBF /* MarkerPreviewCacheService.swift in Sources */,
				DD88BC7D2FAB916100BFFBBF /* LibraryManager.swift in Sources */,
				DD88BC672FAA924100BFFBBF /* ReviewPlaybackPreviewViews.swift in Sources */,
				DD88BC6F2FAAA92500BFFBBF /* ReviewTimelineInteractionViews.swift in Sources */,
				DD88BC592FA8562800BFFBBF /* MarkerPreviewRenderService.swift in Sources */,
				DD88BC782FAB026400BFFBBF /* MarkerListTableViews.swift in Sources */,
				DD88BC792FAB026400BFFBBF /* ReviewSupportViews.swift in Sources */,
				DD88BC5A2FA8562800BFFBBF /* MediaWriterService.swift in Sources */,
				DD88BC5B2FA8562800BFFBBF /* Models.swift in Sources */,
				DD88BC5C2FA8562800BFFBBF /* PermissionsService.swift in Sources */,
				DD88BC5D2FA8562800BFFBBF /* ProjectBundleService.swift in Sources */,
				DD88BC6B2FAA9FA000BFFBBF /* ReviewMarkerInspectorViews.swift in Sources */,
				DD88BC7B2FAB0BEC00BFFBBF /* ReviewPlaybackMainViews.swift in Sources */,
				DD88BC5E2FA8562800BFFBBF /* RecordingCoordinator.swift in Sources */,
				DD88BC7F2FAB995C00BFFBBF /* ExportManager.swift in Sources */,
				DD88BC972FABDFD800BFFBBF /* TimelineScrubManager.swift in Sources */,
				DD88BC5F2FA8562800BFFBBF /* ReviewEditorControls.swift in Sources */,
				DD88BC952FABD8A800BFFBBF /* PlaybackTransportManager.swift in Sources */,
				DD88BC932FABD3E600BFFBBF /* ExportProgressSheetViews.swift in Sources */,
				DD88BC602FA8562800BFFBBF /* ReviewInspectorViews.swift in Sources */,
				DD88BC612FA8562800BFFBBF /* ScreenCaptureService.swift in Sources */,
				DD88BC622FA8562800BFFBBF /* TimelineToolbarControls.swift in Sources */,
				DD88BC812FABA0A500BFFBBF /* CaptureTargetManager.swift in Sources */,
				DD88BC692FAA9C8600BFFBBF /* ReviewTimelineViews.swift in Sources */,
				DD88BC632FA8562800BFFBBF /* TutorialCaptureApp.swift in Sources */,
			);
			runOnlyForDeploymentPostprocessing = 0;
		};
/* End PBXSourcesBuildPhase section */

/* Begin XCBuildConfiguration section */
		DD92030D2F9D6A81003C3C1A /* Debug */ = {
			isa = XCBuildConfiguration;
			buildSettings = {
				ALWAYS_SEARCH_USER_PATHS = NO;
				ASSETCATALOG_COMPILER_GENERATE_SWIFT_ASSET_SYMBOL_EXTENSIONS = YES;
				CLANG_ANALYZER_NONNULL = YES;
				CLANG_ANALYZER_NUMBER_OBJECT_CONVERSION = YES_AGGRESSIVE;
				CLANG_CXX_LANGUAGE_STANDARD = "gnu++20";
				CLANG_ENABLE_MODULES = YES;
				CLANG_ENABLE_OBJC_ARC = YES;
				CLANG_ENABLE_OBJC_WEAK = YES;
				CLANG_WARN_BLOCK_CAPTURE_AUTORELEASING = YES;
				CLANG_WARN_BOOL_CONVERSION = YES;
				CLANG_WARN_COMMA = YES;
				CLANG_WARN_CONSTANT_CONVERSION = YES;
				CLANG_WARN_DEPRECATED_OBJC_IMPLEMENTATIONS = YES;
				CLANG_WARN_DIRECT_OBJC_ISA_USAGE = YES_ERROR;
				CLANG_WARN_DOCUMENTATION_COMMENTS = YES;
				CLANG_WARN_EMPTY_BODY = YES;
				CLANG_WARN_ENUM_CONVERSION = YES;
				CLANG_WARN_INFINITE_RECURSION = YES;
				CLANG_WARN_INT_CONVERSION = YES;
				CLANG_WARN_NON_LITERAL_NULL_CONVERSION = YES;
				CLANG_WARN_OBJC_IMPLICIT_RETAIN_SELF = YES;
				CLANG_WARN_OBJC_LITERAL_CONVERSION = YES;
				CLANG_WARN_OBJC_ROOT_CLASS = YES_ERROR;
				CLANG_WARN_QUOTED_INCLUDE_IN_FRAMEWORK_HEADER = YES;
				CLANG_WARN_RANGE_LOOP_ANALYSIS = YES;
				CLANG_WARN_STRICT_PROTOTYPES = YES;
				CLANG_WARN_SUSPICIOUS_MOVE = YES;
				CLANG_WARN_UNGUARDED_AVAILABILITY = YES_AGGRESSIVE;
				CLANG_WARN_UNREACHABLE_CODE = YES;
				CLANG_WARN__DUPLICATE_METHOD_MATCH = YES;
				COPY_PHASE_STRIP = NO;
				DEBUG_INFORMATION_FORMAT = dwarf;
				DEVELOPMENT_TEAM = Z27SLWKSSG;
				ENABLE_STRICT_OBJC_MSGSEND = YES;
				ENABLE_TESTABILITY = YES;
				ENABLE_USER_SCRIPT_SANDBOXING = YES;
				GCC_C_LANGUAGE_STANDARD = gnu17;
				GCC_DYNAMIC_NO_PIC = NO;
				GCC_NO_COMMON_BLOCKS = YES;
				GCC_OPTIMIZATION_LEVEL = 0;
				GCC_PREPROCESSOR_DEFINITIONS = (
					"DEBUG=1",
					"$(inherited)",
				);
				GCC_WARN_64_TO_32_BIT_CONVERSION = YES;
				GCC_WARN_ABOUT_RETURN_TYPE = YES_ERROR;
				GCC_WARN_UNDECLARED_SELECTOR = YES;
				GCC_WARN_UNINITIALIZED_AUTOS = YES_AGGRESSIVE;
				GCC_WARN_UNUSED_FUNCTION = YES;
				GCC_WARN_UNUSED_VARIABLE = YES;
				LOCALIZATION_PREFERS_STRING_CATALOGS = YES;
				MACOSX_DEPLOYMENT_TARGET = 26.3;
				MTL_ENABLE_DEBUG_INFO = INCLUDE_SOURCE;
				MTL_FAST_MATH = YES;
				ONLY_ACTIVE_ARCH = YES;
				SDKROOT = macosx;
				SWIFT_ACTIVE_COMPILATION_CONDITIONS = "DEBUG $(inherited)";
				SWIFT_OPTIMIZATION_LEVEL = "-Onone";
			};
			name = Debug;
		};
		DD92030E2F9D6A81003C3C1A /* Release */ = {
			isa = XCBuildConfiguration;
			buildSettings = {
				ALWAYS_SEARCH_USER_PATHS = NO;
				ASSETCATALOG_COMPILER_GENERATE_SWIFT_ASSET_SYMBOL_EXTENSIONS = YES;
				CLANG_ANALYZER_NONNULL = YES;
				CLANG_ANALYZER_NUMBER_OBJECT_CONVERSION = YES_AGGRESSIVE;
				CLANG_CXX_LANGUAGE_STANDARD = "gnu++20";
				CLANG_ENABLE_MODULES = YES;
				CLANG_ENABLE_OBJC_ARC = YES;
				CLANG_ENABLE_OBJC_WEAK = YES;
				CLANG_WARN_BLOCK_CAPTURE_AUTORELEASING = YES;
				CLANG_WARN_BOOL_CONVERSION = YES;
				CLANG_WARN_COMMA = YES;
				CLANG_WARN_CONSTANT_CONVERSION = YES;
				CLANG_WARN_DEPRECATED_OBJC_IMPLEMENTATIONS = YES;
				CLANG_WARN_DIRECT_OBJC_ISA_USAGE = YES_ERROR;
				CLANG_WARN_DOCUMENTATION_COMMENTS = YES;
				CLANG_WARN_EMPTY_BODY = YES;
				CLANG_WARN_ENUM_CONVERSION = YES;
				CLANG_WARN_INFINITE_RECURSION = YES;
				CLANG_WARN_INT_CONVERSION = YES;
				CLANG_WARN_NON_LITERAL_NULL_CONVERSION = YES;
				CLANG_WARN_OBJC_IMPLICIT_RETAIN_SELF = YES;
				CLANG_WARN_OBJC_LITERAL_CONVERSION = YES;
				CLANG_WARN_OBJC_ROOT_CLASS = YES_ERROR;
				CLANG_WARN_QUOTED_INCLUDE_IN_FRAMEWORK_HEADER = YES;
				CLANG_WARN_RANGE_LOOP_ANALYSIS = YES;
				CLANG_WARN_STRICT_PROTOTYPES = YES;
				CLANG_WARN_SUSPICIOUS_MOVE = YES;
				CLANG_WARN_UNGUARDED_AVAILABILITY = YES_AGGRESSIVE;
				CLANG_WARN_UNREACHABLE_CODE = YES;
				CLANG_WARN__DUPLICATE_METHOD_MATCH = YES;
				COPY_PHASE_STRIP = NO;
				DEBUG_INFORMATION_FORMAT = "dwarf-with-dsym";
				DEVELOPMENT_TEAM = Z27SLWKSSG;
				ENABLE_NS_ASSERTIONS = NO;
				ENABLE_STRICT_OBJC_MSGSEND = YES;
				ENABLE_USER_SCRIPT_SANDBOXING = YES;
				GCC_C_LANGUAGE_STANDARD = gnu17;
				GCC_NO_COMMON_BLOCKS = YES;
				GCC_WARN_64_TO_32_BIT_CONVERSION = YES;
				GCC_WARN_ABOUT_RETURN_TYPE = YES_ERROR;
				GCC_WARN_UNDECLARED_SELECTOR = YES;
				GCC_WARN_UNINITIALIZED_AUTOS = YES_AGGRESSIVE;
				GCC_WARN_UNUSED_FUNCTION = YES;
				GCC_WARN_UNUSED_VARIABLE = YES;
				LOCALIZATION_PREFERS_STRING_CATALOGS = YES;
				MACOSX_DEPLOYMENT_TARGET = 26.3;
				MTL_ENABLE_DEBUG_INFO = NO;
				MTL_FAST_MATH = YES;
				SDKROOT = macosx;
				SWIFT_COMPILATION_MODE = wholemodule;
			};
			name = Release;
		};
		DD9203102F9D6A81003C3C1A /* Debug */ = {
			isa = XCBuildConfiguration;
			buildSettings = {
				ASSETCATALOG_COMPILER_APPICON_NAME = AppIcon;
				ASSETCATALOG_COMPILER_GLOBAL_ACCENT_COLOR_NAME = AccentColor;
				CODE_SIGN_STYLE = Automatic;
				COMBINE_HIDPI_IMAGES = YES;
				CURRENT_PROJECT_VERSION = 1;
				DEVELOPMENT_TEAM = Z27SLWKSSG;
				ENABLE_APP_SANDBOX = YES;
				ENABLE_FILE_ACCESS_MOVIES_FOLDER = readwrite;
				ENABLE_HARDENED_RUNTIME = YES;
				ENABLE_INCOMING_NETWORK_CONNECTIONS = NO;
				ENABLE_OUTGOING_NETWORK_CONNECTIONS = NO;
				ENABLE_PREVIEWS = YES;
				ENABLE_RESOURCE_ACCESS_AUDIO_INPUT = NO;
				ENABLE_RESOURCE_ACCESS_BLUETOOTH = NO;
				ENABLE_RESOURCE_ACCESS_CALENDARS = NO;
				ENABLE_RESOURCE_ACCESS_CAMERA = NO;
				ENABLE_RESOURCE_ACCESS_CONTACTS = NO;
				ENABLE_RESOURCE_ACCESS_LOCATION = NO;
				ENABLE_RESOURCE_ACCESS_PRINTING = NO;
				ENABLE_RESOURCE_ACCESS_USB = NO;
				ENABLE_USER_SELECTED_FILES = readwrite;
				GENERATE_INFOPLIST_FILE = YES;
				INFOPLIST_KEY_CFBundleDisplayName = "FlowTrack Capture";
				INFOPLIST_KEY_NSHumanReadableCopyright = "";
				LD_RUNPATH_SEARCH_PATHS = (
					"$(inherited)",
					"@executable_path/../Frameworks",
				);
				MARKETING_VERSION = 1.0;
				PRODUCT_BUNDLE_IDENTIFIER = "com.aztecinternet.screen-zoom-track.Zoom-and-Track";
				PRODUCT_NAME = "FlowTrack Capture";
				REGISTER_APP_GROUPS = YES;
				STRING_CATALOG_GENERATE_SYMBOLS = YES;
				SWIFT_APPROACHABLE_CONCURRENCY = YES;
				SWIFT_DEFAULT_ACTOR_ISOLATION = MainActor;
				SWIFT_EMIT_LOC_STRINGS = YES;
				SWIFT_UPCOMING_FEATURE_MEMBER_IMPORT_VISIBILITY = YES;
				SWIFT_VERSION = 5.0;
			};
			name = Debug;
		};
		DD9203112F9D6A81003C3C1A /* Release */ = {
			isa = XCBuildConfiguration;
			buildSettings = {
				ASSETCATALOG_COMPILER_APPICON_NAME = AppIcon;
				ASSETCATALOG_COMPILER_GLOBAL_ACCENT_COLOR_NAME = AccentColor;
				CODE_SIGN_STYLE = Automatic;
				COMBINE_HIDPI_IMAGES = YES;
				CURRENT_PROJECT_VERSION = 1;
				DEVELOPMENT_TEAM = Z27SLWKSSG;
				ENABLE_APP_SANDBOX = YES;
				ENABLE_FILE_ACCESS_MOVIES_FOLDER = readwrite;
				ENABLE_HARDENED_RUNTIME = YES;
				ENABLE_INCOMING_NETWORK_CONNECTIONS = NO;
				ENABLE_OUTGOING_NETWORK_CONNECTIONS = NO;
				ENABLE_PREVIEWS = YES;
				ENABLE_RESOURCE_ACCESS_AUDIO_INPUT = NO;
				ENABLE_RESOURCE_ACCESS_BLUETOOTH = NO;
				ENABLE_RESOURCE_ACCESS_CALENDARS = NO;
				ENABLE_RESOURCE_ACCESS_CAMERA = NO;
				ENABLE_RESOURCE_ACCESS_CONTACTS = NO;
				ENABLE_RESOURCE_ACCESS_LOCATION = NO;
				ENABLE_RESOURCE_ACCESS_PRINTING = NO;
				ENABLE_RESOURCE_ACCESS_USB = NO;
				ENABLE_USER_SELECTED_FILES = readwrite;
				GENERATE_INFOPLIST_FILE = YES;
				INFOPLIST_KEY_CFBundleDisplayName = "FlowTrack Capture";
				INFOPLIST_KEY_NSHumanReadableCopyright = "";
				LD_RUNPATH_SEARCH_PATHS = (
					"$(inherited)",
					"@executable_path/../Frameworks",
				);
				MARKETING_VERSION = 1.0;
				PRODUCT_BUNDLE_IDENTIFIER = "com.aztecinternet.screen-zoom-track.Zoom-and-Track";
				PRODUCT_NAME = "FlowTrack Capture";
				REGISTER_APP_GROUPS = YES;
				STRING_CATALOG_GENERATE_SYMBOLS = YES;
				SWIFT_APPROACHABLE_CONCURRENCY = YES;
				SWIFT_DEFAULT_ACTOR_ISOLATION = MainActor;
				SWIFT_EMIT_LOC_STRINGS = YES;
				SWIFT_UPCOMING_FEATURE_MEMBER_IMPORT_VISIBILITY = YES;
				SWIFT_VERSION = 5.0;
			};
			name = Release;
		};
/* End XCBuildConfiguration section */

/* Begin XCConfigurationList section */
		DD9202FF2F9D6A80003C3C1A /* Build configuration list for PBXProject "Zoom and Track" */ = {
			isa = XCConfigurationList;
			buildConfigurations = (
				DD92030D2F9D6A81003C3C1A /* Debug */,
				DD92030E2F9D6A81003C3C1A /* Release */,
			);
			defaultConfigurationIsVisible = 0;
			defaultConfigurationName = Release;
		};
		DD92030F2F9D6A81003C3C1A /* Build configuration list for PBXNativeTarget "Zoom and Track" */ = {
			isa = XCConfigurationList;
			buildConfigurations = (
				DD9203102F9D6A81003C3C1A /* Debug */,
				DD9203112F9D6A81003C3C1A /* Release */,
			);
			defaultConfigurationIsVisible = 0;
			defaultConfigurationName = Release;
		};
/* End XCConfigurationList section */
	};
	rootObject = DD9202FC2F9D6A80003C3C1A /* Project object */;
}
